
Microsoft Visual Studio Solution File, Format Version 12.00
# Visual Studio Version 16
VisualStudioVersion = 16.0.30611.23
MinimumVisualStudioVersion = 10.0.40219.1
Project("{FAE04EC0-301F-11D3-BF4B-00C04F79EFBC}") = "iotrouter_test", "iotrouter_test.csproj", "{A682461A-6BEC-4F6D-9F07-D0B33ADB0217}"
EndProject
Global
	GlobalSection(SolutionConfigurationPlatforms) = preSolution
		Debug|Any CPU = Debug|Any CPU
		Release|Any CPU = Release|Any CPU
	EndGlobalSection
	GlobalSection(ProjectConfigurationPlatforms) = postSolution
		{A682461A-6BEC-4F6D-9F07-D0B33ADB0217}.Debug|Any CPU.ActiveCfg = Debug|Any CPU
		{A682461A-6BEC-4F6D-9F07-D0B33ADB0217}.Debug|Any CPU.Build.0 = Debug|Any CPU
		{A682461A-6BEC-4F6D-9F07-D0B33ADB0217}.Release|Any CPU.ActiveCfg = Release|Any CPU
		{A682461A-6BEC-4F6D-9F07-D0B33ADB0217}.Release|Any CPU.Build.0 = Release|Any CPU
	EndGlobalSection
	GlobalSection(SolutionProperties) = preSolution
		HideSolutionNode = FALSE
	EndGlobalSection
	GlobalSection(ExtensibilityGlobals) = postSolution
		SolutionGuid = {9753F558-9E6C-45A2-B70B-EC720C981688}
	EndGlobalSection
EndGlobal
